version = 1
revision = 3
requires-python = ">=3.13"
resolution-markers = [
    "python_full_version >= '3.14'",
    "python_full_version < '3.14'",
]

[[package]]
name = "airbus-client"
version = "0.1.0"
source = { editable = "." }

[package.dev-dependencies]
dev = [
    { name = "datamodel-code-generator" },
    { name = "pytest" },
]

[package.metadata]

[package.metadata.requires-dev]
dev = [
    { name = "datamodel-code-generator", specifier = ">=0.78.0" },
    { name = "pytest", specifier = ">=9.1.1" },
]

[[package]]
name = "annotated-types"
version = "0.8.0"
source = { registry = "https://verigate.internal.com.br/pypi/simple/" }
sdist = { url = "https://verigate.internal.com.br/pypi/packages/annotated-types/annotated_types-0.8.0.tar.gz", hash = "sha256:13b2beaad985e05e2d6407ee4c4f35590b11f8d693a258a561055cac8f64cab7" }
wheels = [
    { url = "https://verigate.internal.com.br/pypi/packages/annotated-types/annotated_types-0.8.0-py3-none-any.whl", hash = "sha256:f072f4d804ea359e4eaf198b1af7a8b0943881a87f31bb764f8bf219bb9419e0" },
]

[[package]]
name = "argcomplete"
version = "3.7.2"
source = { registry = "https://verigate.internal.com.br/pypi/simple/" }
sdist = { url = "https://verigate.internal.com.br/pypi/packages/argcomplete/argcomplete-3.7.2.tar.gz", hash = "sha256:aad8b69a0b9969edb62db0d1752354c0d50717b10e0cbb00e2a958381b9fc6b9" }
wheels = [
    { url = "https://verigate.internal.com.br/pypi/packages/argcomplete/argcomplete-3.7.2-py3-none-any.whl", hash = "sha256:6029205678bdd9c1c728a155f5f9ecf5812393f969eef58807641a2bc2aa5b19" },
]

[[package]]
name = "black"
version = "26.5.1"
source = { registry = "https://verigate.internal.com.br/pypi/simple/" }
dependencies = [
    { name = "click" },
    { name = "mypy-extensions" },
    { name = "packaging" },
    { name = "pathspec" },
    { name = "platformdirs" },
    { name = "pytokens" },
]
sdist = { url = "https://verigate.internal.com.br/pypi/packages/black/black-26.5.1.tar.gz", hash = "sha256:dd321f668053961824bcc1be1cc1df748b2d7e4fa28086b08331e577b0100a73" }
wheels = [
    { url = "https://verigate.internal.com.br/pypi/packages/black/black-26.5.1-cp313-cp313-macosx_10_13_x86_64.whl", hash = "sha256:2b36cf2ddf5566e205f6535f782a62194a184d33e175b64ae8c40b1737522be3" },
    { url = "https://verigate.internal.com.br/pypi/packages/black/black-26.5.1-cp313-cp313-macosx_11_0_arm64.whl", hash = "sha256:1f7ea64ebfa01b50f693508fc39f875e264446d3b097088f84f203b9d09618a0" },
    { url = "https://verigate.internal.com.br/pypi/packages/black/black-26.5.1-cp313-cp313-manylinux2014_x86_64.manylinux_2_17_x86_64.manylinux_2_28_x86_64.whl", hash = "sha256:ecb3e624844c798144e9bd986954e0adc81d8911a1f30f375e1252fe26e8c294" },
    { url = "https://verigate.internal.com.br/pypi/packages/black/black-26.5.1-cp313-cp313-win_amd64.whl", hash = "sha256:e1a26503279b6b310669fb0b219c39e4820b77e8189fe80f522bb511f247db0a" },
    { url = "https://verigate.internal.com.br/pypi/packages/black/black-26.5.1-cp313-cp313-win_arm64.whl", hash = "sha256:5c34b25da232ead53a6f335b76dbea124f4d152ad568b9080d6f944bc2b34b52" },
    { url = "https://verigate.internal.com.br/pypi/packages/black/black-26.5.1-cp314-cp314-macosx_10_15_x86_64.whl", hash = "sha256:e88976690a64b0af98312ca958415849cb42423423c5f2ee74af4b49a97a2168" },
    { url = "https://verigate.internal.com.br/pypi/packages/black/black-26.5.1-cp314-cp314-macosx_11_0_arm64.whl", hash = "sha256:32d5ea7f6c8bdfa6e648326ebca1f02b0764e2a029edc6f8dce2627e19d468c3" },
    { url = "https://verigate.internal.com.br/pypi/packages/black/black-26.5.1-cp314-cp314-manylinux2014_x86_64.manylinux_2_17_x86_64.manylinux_2_28_x86_64.whl", hash = "sha256:ea8d16dc41655aa113cd64665e7219446cd7e4ff2248d7178eaa905190c86b18" },
    { url = "https://verigate.internal.com.br/pypi/packages/black/black-26.5.1-cp314-cp314-win_amd64.whl", hash = "sha256:577f21094ea469ef92ec1adaf2c9441a226d2144d01a5be2fa823cecf6543e50" },
    { url = "https://verigate.internal.com.br/pypi/packages/black/black-26.5.1-cp314-cp314-win_arm64.whl", hash = "sha256:ed1a20af114c301a0269bf01163d51dbef72737fd65f850001e7cbe7f3c7abae" },
    { url = "https://verigate.internal.com.br/pypi/packages/black/black-26.5.1-py3-none-any.whl", hash = "sha256:4ed7f7da04046d2e488437170797d3b4a4ad83906683bcb7dfc68b673bbce5e2" },
]

[[package]]
name = "click"
version = "8.5.0"
source = { registry = "https://verigate.internal.com.br/pypi/simple/" }
sdist = { url = "https://verigate.internal.com.br/pypi/packages/click/click-8.5.0.tar.gz", hash = "sha256:ba0d2089de75ea0310e2dde03160e6ca10009947fb95a182f9b54021bb272e34" }
wheels = [
    { url = "https://verigate.internal.com.br/pypi/packages/click/click-8.5.0-py3-none-any.whl", hash = "sha256:255bc9599cf7748b4b1a446ccc735421bd08a2ae529a8b88597d3de5664ee360" },
]

[[package]]
name = "colorama"
version = "0.4.6"
source = { registry = "https://verigate.internal.com.br/pypi/simple/" }
sdist = { url = "https://verigate.internal.com.br/pypi/packages/colorama/colorama-0.4.6.tar.gz", hash = "sha256:08695f5cb7ed6e0531a20572697297273c47b8cae5a63ffc6d6ed5c201be6e44" }
wheels = [
    { url = "https://verigate.internal.com.br/pypi/packages/colorama/colorama-0.4.6-py2.py3-none-any.whl", hash = "sha256:4f1d9991f5acc0ca119f9d443620b77f9d6b33703e51011c16baf57afb285fc6" },
]

[[package]]
name = "datamodel-code-generator"
version = "0.78.0"
source = { registry = "https://verigate.internal.com.br/pypi/simple/" }
dependencies = [
    { name = "argcomplete" },
    { name = "black", marker = "sys_platform != 'emscripten'" },
    { name = "genson" },
    { name = "inflect" },
    { name = "isort", marker = "sys_platform != 'emscripten'" },
    { name = "jinja2" },
    { name = "pydantic" },
    { name = "pyyaml" },
]
sdist = { url = "https://verigate.internal.com.br/pypi/packages/datamodel-code-generator/datamodel_code_generator-0.78.0.tar.gz", hash = "sha256:0c8cf9cec5e7f06689a94138ddc71622ceaceab9dce5e47679246666f832c1d3" }
wheels = [
    { url = "https://verigate.internal.com.br/pypi/packages/datamodel-code-generator/datamodel_code_generator-0.78.0-py3-none-any.whl", hash = "sha256:5f75b3241b14806480b64c51bdf39754f192e2d5bcce93dbfc824e9cd6b344e7" },
]

[[package]]
name = "genson"
version = "1.4.0"
source = { registry = "https://verigate.internal.com.br/pypi/simple/" }
sdist = { url = "https://verigate.internal.com.br/pypi/packages/genson/genson-1.4.0.tar.gz", hash = "sha256:bc7f1c1bae87a21ca44d81149aec95a3f4468d676de9b8b08caa064f3c50b3da" }
wheels = [
    { url = "https://verigate.internal.com.br/pypi/packages/genson/genson-1.4.0-py3-none-any.whl", hash = "sha256:03bc71bbe52defde70660cc4dcd1ea1097997da5a1cbb90a9dbd3acc7c9e1b65" },
]

[[package]]
name = "inflect"
version = "7.5.0"
source = { registry = "https://verigate.internal.com.br/pypi/simple/" }
dependencies = [
    { name = "more-itertools" },
    { name = "typeguard" },
]
sdist = { url = "https://verigate.internal.com.br/pypi/packages/inflect/inflect-7.5.0.tar.gz", hash = "sha256:faf19801c3742ed5a05a8ce388e0d8fe1a07f8d095c82201eb904f5d27ad571f" }
wheels = [
    { url = "https://verigate.internal.com.br/pypi/packages/inflect/inflect-7.5.0-py3-none-any.whl", hash = "sha256:2aea70e5e70c35d8350b8097396ec155ffd68def678c7ff97f51aa69c1d92344" },
]

[[package]]
name = "iniconfig"
version = "2.3.0"
source = { registry = "https://verigate.internal.com.br/pypi/simple/" }
sdist = { url = "https://verigate.internal.com.br/pypi/packages/iniconfig/iniconfig-2.3.0.tar.gz", hash = "sha256:c76315c77db068650d49c5b56314774a7804df16fee4402c1f19d6d15d8c4730" }
wheels = [
    { url = "https://verigate.internal.com.br/pypi/packages/iniconfig/iniconfig-2.3.0-py3-none-any.whl", hash = "sha256:f631c04d2c48c52b84d0d0549c99ff3859c98df65b3101406327ecc7d53fbf12" },
]

[[package]]
name = "isort"
version = "8.0.1"
source = { registry = "https://verigate.internal.com.br/pypi/simple/" }
sdist = { url = "https://verigate.internal.com.br/pypi/packages/isort/isort-8.0.1.tar.gz", hash = "sha256:171ac4ff559cdc060bcfff550bc8404a486fee0caab245679c2abe7cb253c78d" }
wheels = [
    { url = "https://verigate.internal.com.br/pypi/packages/isort/isort-8.0.1-py3-none-any.whl", hash = "sha256:28b89bc70f751b559aeca209e6120393d43fbe2490de0559662be7a9787e3d75" },
]

[[package]]
name = "jinja2"
version = "3.1.6"
source = { registry = "https://verigate.internal.com.br/pypi/simple/" }
dependencies = [
    { name = "markupsafe" },
]
sdist = { url = "https://verigate.internal.com.br/pypi/packages/jinja2/jinja2-3.1.6.tar.gz", hash = "sha256:0137fb05990d35f1275a587e9aee6d56da821fc83491a0fb838183be43f66d6d" }
wheels = [
    { url = "https://verigate.internal.com.br/pypi/packages/jinja2/jinja2-3.1.6-py3-none-any.whl", hash = "sha256:85ece4451f492d0c13c5dd7c13a64681a86afae63a5f347908daf103ce6d2f67" },
]

[[package]]
name = "markupsafe"
version = "3.0.3"
source = { registry = "https://verigate.internal.com.br/pypi/simple/" }
sdist = { url = "https://verigate.internal.com.br/pypi/packages/markupsafe/markupsafe-3.0.3.tar.gz", hash = "sha256:722695808f4b6457b320fdc131280796bdceb04ab50fe1795cd540799ebe1698" }
wheels = [
    { url = "https://verigate.internal.com.br/pypi/packages/markupsafe/markupsafe-3.0.3-cp313-cp313-macosx_10_13_x86_64.whl", hash = "sha256:e1cf1972137e83c5d4c136c43ced9ac51d0e124706ee1c8aa8532c1287fa8795" },
    { url = "https://verigate.internal.com.br/pypi/packages/markupsafe/markupsafe-3.0.3-cp313-cp313-macosx_11_0_arm64.whl", hash = "sha256:116bb52f642a37c115f517494ea5feb03889e04df47eeff5b130b1808ce7c219" },
    { url = "https://verigate.internal.com.br/pypi/packages/markupsafe/markupsafe-3.0.3-cp313-cp313-manylinux2014_aarch64.manylinux_2_17_aarch64.manylinux_2_28_aarch64.whl", hash = "sha256:133a43e73a802c5562be9bbcd03d090aa5a1fe899db609c29e8c8d815c5f6de6" },
    { url = "https://verigate.internal.com.br/pypi/packages/markupsafe/markupsafe-3.0.3-cp313-cp313-manylinux2014_x86_64.manylinux_2_17_x86_64.manylinux_2_28_x86_64.whl", hash = "sha256:ccfcd093f13f0f0b7fdd0f198b90053bf7b2f02a3927a30e63f3ccc9df56b676" },
    { url = "https://verigate.internal.com.br/pypi/packages/markupsafe/markupsafe-3.0.3-cp313-cp313-manylinux_2_31_riscv64.manylinux_2_39_riscv64.whl", hash = "sha256:509fa21c6deb7a7a273d629cf5ec029bc209d1a51178615ddf718f5918992ab9" },
    { url = "https://verigate.internal.com.br/pypi/packages/markupsafe/markupsafe-3.0.3-cp313-cp313-musllinux_1_2_aarch64.whl", hash = "sha256:a4afe79fb3de0b7097d81da19090f4df4f8d3a2b3adaa8764138aac2e44f3af1" },
    { url = "https://verigate.internal.com.br/pypi/packages/markupsafe/markupsafe-3.0.3-cp313-cp313-musllinux_1_2_riscv64.whl", hash = "sha256:795e7751525cae078558e679d646ae45574b47ed6e7771863fcc079a6171a0fc" },
    { url = "https://verigate.internal.com.br/pypi/packages/markupsafe/markupsafe-3.0.3-cp313-cp313-musllinux_1_2_x86_64.whl", hash = "sha256:8485f406a96febb5140bfeca44a73e3ce5116b2501ac54fe953e488fb1d03b12" },
    { url = "https://verigate.internal.com.br/pypi/packages/markupsafe/markupsafe-3.0.3-cp313-cp313-win32.whl", hash = "sha256:bdd37121970bfd8be76c5fb069c7751683bdf373db1ed6c010162b2a130248ed" },
    { url = "https://verigate.internal.com.br/pypi/packages/markupsafe/markupsafe-3.0.3-cp313-cp313-win_amd64.whl", hash = "sha256:9a1abfdc021a164803f4d485104931fb8f8c1efd55bc6b748d2f5774e78b62c5" },
    { url = "https://verigate.internal.com.br/pypi/packages/markupsafe/markupsafe-3.0.3-cp313-cp313-win_arm64.whl", hash = "sha256:7e68f88e5b8799aa49c85cd116c932a1ac15caaa3f5db09087854d218359e485" },
    { url = "https://verigate.internal.com.br/pypi/packages/markupsafe/markupsafe-3.0.3-cp313-cp313t-macosx_10_13_x86_64.whl", hash = "sha256:218551f6df4868a8d527e3062d0fb968682fe92054e89978594c28e642c43a73" },
    { url = "https://verigate.internal.com.br/pypi/packages/markupsafe/markupsafe-3.0.3-cp313-cp313t-macosx_11_0_arm64.whl", hash = "sha256:3524b778fe5cfb3452a09d31e7b5adefeea8c5be1d43c4f810ba09f2ceb29d37" },
    { url = "https://verigate.internal.com.br/pypi/packages/markupsafe/markupsafe-3.0.3-cp313-cp313t-manylinux2014_aarch64.manylinux_2_17_aarch64.manylinux_2_28_aarch64.whl", hash = "sha256:4e885a3d1efa2eadc93c894a21770e4bc67899e3543680313b09f139e149ab19" },
    { url = "https://verigate.internal.com.br/pypi/packages/markupsafe/markupsafe-3.0.3-cp313-cp313t-manylinux2014_x86_64.manylinux_2_17_x86_64.manylinux_2_28_x86_64.whl", hash = "sha256:8709b08f4a89aa7586de0aadc8da56180242ee0ada3999749b183aa23df95025" },
    { url = "https://verigate.internal.com.br/pypi/packages/markupsafe/markupsafe-3.0.3-cp313-cp313t-manylinux_2_31_riscv64.manylinux_2_39_riscv64.whl", hash = "sha256:b8512a91625c9b3da6f127803b166b629725e68af71f8184ae7e7d54686a56d6" },
    { url = "https://verigate.internal.com.br/pypi/packages/markupsafe/markupsafe-3.0.3-cp313-cp313t-musllinux_1_2_aarch64.whl", hash = "sha256:9b79b7a16f7fedff2495d684f2b59b0457c3b493778c9eed31111be64d58279f" },
    { url = "https://verigate.internal.com.br/pypi/packages/markupsafe/markupsafe-3.0.3-cp313-cp313t-musllinux_1_2_riscv64.whl", hash = "sha256:12c63dfb4a98206f045aa9563db46507995f7ef6d83b2f68eda65c307c6829eb" },
    { url = "https://verigate.internal.com.br/pypi/packages/markupsafe/markupsafe-3.0.3-cp313-cp313t-musllinux_1_2_x86_64.whl", hash = "sha256:8f71bc33915be5186016f675cd83a1e08523649b0e33efdb898db577ef5bb009" },
    { url = "https://verigate.internal.com.br/pypi/packages/markupsafe/markupsafe-3.0.3-cp313-cp313t-win32.whl", hash = "sha256:69c0b73548bc525c8cb9a251cddf1931d1db4d2258e9599c28c07ef3580ef354" },
    { url = "https://verigate.internal.com.br/pypi/packages/markupsafe/markupsafe-3.0.3-cp313-cp313t-win_amd64.whl", hash = "sha256:1b4b79e8ebf6b55351f0d91fe80f893b4743f104bff22e90697db1590e47a218" },
    { url = "https://verigate.internal.com.br/pypi/packages/markupsafe/markupsafe-3.0.3-cp313-cp313t-win_arm64.whl", hash = "sha256:ad2cf8aa28b8c020ab2fc8287b0f823d0a7d8630784c31e9ee5edea20f406287" },
    { url = "https://verigate.internal.com.br/pypi/packages/markupsafe/markupsafe-3.0.3-cp314-cp314-macosx_10_13_x86_64.whl", hash = "sha256:eaa9599de571d72e2daf60164784109f19978b327a3910d3e9de8c97b5b70cfe" },
    { url = "https://verigate.internal.com.br/pypi/packages/markupsafe/markupsafe-3.0.3-cp314-cp314-macosx_11_0_arm64.whl", hash = "sha256:c47a551199eb8eb2121d4f0f15ae0f923d31350ab9280078d1e5f12b249e0026" },
    { url = "https://verigate.internal.com.br/pypi/packages/markupsafe/markupsafe-3.0.3-cp314-cp314-manylinux2014_aarch64.manylinux_2_17_aarch64.manylinux_2_28_aarch64.whl", hash = "sha256:f34c41761022dd093b4b6896d4810782ffbabe30f2d443ff5f083e0cbbb8c737" },
    { url = "https://verigate.internal.com.br/pypi/packages/markupsafe/markupsafe-3.0.3-cp314-cp314-manylinux2014_x86_64.manylinux_2_17_x86_64.manylinux_2_28_x86_64.whl", hash = "sha256:457a69a9577064c05a97c41f4e65148652db078a3a509039e64d3467b9e7ef97" },
    { url = "https://verigate.internal.com.br/pypi/packages/markupsafe/markupsafe-3.0.3-cp314-cp314-manylinux_2_31_riscv64.manylinux_2_39_riscv64.whl", hash = "sha256:e8afc3f2ccfa24215f8cb28dcf43f0113ac3c37c2f0f0806d8c70e4228c5cf4d" },
    { url = "https://verigate.internal.com.br/pypi/packages/markupsafe/markupsafe-3.0.3-cp314-cp314-musllinux_1_2_aarch64.whl", hash = "sha256:ec15a59cf5af7be74194f7ab02d0f59a62bdcf1a537677ce67a2537c9b87fcda" },
    { url = "https://verigate.internal.com.br/pypi/packages/markupsafe/markupsafe-3.0.3-cp314-cp314-musllinux_1_2_riscv64.whl", hash = "sha256:0eb9ff8191e8498cca014656ae6b8d61f39da5f95b488805da4bb029cccbfbaf" },
    { url = "https://verigate.internal.com.br/pypi/packages/markupsafe/markupsafe-3.0.3-cp314-cp314-musllinux_1_2_x86_64.whl", hash = "sha256:2713baf880df847f2bece4230d4d094280f4e67b1e813eec43b4c0e144a34ffe" },
    { url = "https://verigate.internal.com.br/pypi/packages/markupsafe/markupsafe-3.0.3-cp314-cp314-win32.whl", hash = "sha256:729586769a26dbceff69f7a7dbbf59ab6572b99d94576a5592625d5b411576b9" },
    { url = "https://verigate.internal.com.br/pypi/packages/markupsafe/markupsafe-3.0.3-cp314-cp314-win_amd64.whl", hash = "sha256:bdc919ead48f234740ad807933cdf545180bfbe9342c2bb451556db2ed958581" },
    { url = "https://verigate.internal.com.br/pypi/packages/markupsafe/markupsafe-3.0.3-cp314-cp314-win_arm64.whl", hash = "sha256:5a7d5dc5140555cf21a6fefbdbf8723f06fcd2f63ef108f2854de715e4422cb4" },
    { url = "https://verigate.internal.com.br/pypi/packages/markupsafe/markupsafe-3.0.3-cp314-cp314t-macosx_10_13_x86_64.whl", hash = "sha256:1353ef0c1b138e1907ae78e2f6c63ff67501122006b0f9abad68fda5f4ffc6ab" },
    { url = "https://verigate.internal.com.br/pypi/packages/markupsafe/markupsafe-3.0.3-cp314-cp314t-macosx_11_0_arm64.whl", hash = "sha256:1085e7fbddd3be5f89cc898938f42c0b3c711fdcb37d75221de2666af647c175" },
    { url = "https://verigate.internal.com.br/pypi/packages/markupsafe/markupsafe-3.0.3-cp314-cp314t-manylinux2014_aarch64.manylinux_2_17_aarch64.manylinux_2_28_aarch64.whl", hash = "sha256:1b52b4fb9df4eb9ae465f8d0c228a00624de2334f216f178a995ccdcf82c4634" },
    { url = "https://verigate.internal.com.br/pypi/packages/markupsafe/markupsafe-3.0.3-cp314-cp314t-manylinux2014_x86_64.manylinux_2_17_x86_64.manylinux_2_28_x86_64.whl", hash = "sha256:fed51ac40f757d41b7c48425901843666a6677e3e8eb0abcff09e4ba6e664f50" },
    { url = "https://verigate.internal.com.br/pypi/packages/markupsafe/markupsafe-3.0.3-cp314-cp314t-manylinux_2_31_riscv64.manylinux_2_39_riscv64.whl", hash = "sha256:f190daf01f13c72eac4efd5c430a8de82489d9cff23c364c3ea822545032993e" },
    { url = "https://verigate.internal.com.br/pypi/packages/markupsafe/markupsafe-3.0.3-cp314-cp314t-musllinux_1_2_aarch64.whl", hash = "sha256:e56b7d45a839a697b5eb268c82a71bd8c7f6c94d6fd50c3d577fa39a9f1409f5" },
    { url = "https://verigate.internal.com.br/pypi/packages/markupsafe/markupsafe-3.0.3-cp314-cp314t-musllinux_1_2_riscv64.whl", hash = "sha256:f3e98bb3798ead92273dc0e5fd0f31ade220f59a266ffd8a4f6065e0a3ce0523" },
    { url = "https://verigate.internal.com.br/pypi/packages/markupsafe/markupsafe-3.0.3-cp314-cp314t-musllinux_1_2_x86_64.whl", hash = "sha256:5678211cb9333a6468fb8d8be0305520aa073f50d17f089b5b4b477ea6e67fdc" },
    { url = "https://verigate.internal.com.br/pypi/packages/markupsafe/markupsafe-3.0.3-cp314-cp314t-win32.whl", hash = "sha256:915c04ba3851909ce68ccc2b8e2cd691618c4dc4c4232fb7982bca3f41fd8c3d" },
    { url = "https://verigate.internal.com.br/pypi/packages/markupsafe/markupsafe-3.0.3-cp314-cp314t-win_amd64.whl", hash = "sha256:4faffd047e07c38848ce017e8725090413cd80cbc23d86e55c587bf979e579c9" },
    { url = "https://verigate.internal.com.br/pypi/packages/markupsafe/markupsafe-3.0.3-cp314-cp314t-win_arm64.whl", hash = "sha256:32001d6a8fc98c8cb5c947787c5d08b0a50663d139f1305bac5885d98d9b40fa" },
]

[[package]]
name = "more-itertools"
version = "11.1.0"
source = { registry = "https://verigate.internal.com.br/pypi/simple/" }
sdist = { url = "https://verigate.internal.com.br/pypi/packages/more-itertools/more_itertools-11.1.0.tar.gz", hash = "sha256:48e8f4d9e7e5878571ecf6f2b4e57634f93cd474cc8cfbd2376f2d11b396e30d" }
wheels = [
    { url = "https://verigate.internal.com.br/pypi/packages/more-itertools/more_itertools-11.1.0-py3-none-any.whl", hash = "sha256:4b65538ae22f6fed0ce4874efd317463a7489796a0939fa66824dd542125a192" },
]

[[package]]
name = "mypy-extensions"
version = "1.1.0"
source = { registry = "https://verigate.internal.com.br/pypi/simple/" }
sdist = { url = "https://verigate.internal.com.br/pypi/packages/mypy-extensions/mypy_extensions-1.1.0.tar.gz", hash = "sha256:52e68efc3284861e772bbcd66823fde5ae21fd2fdb51c62a211403730b916558" }
wheels = [
    { url = "https://verigate.internal.com.br/pypi/packages/mypy-extensions/mypy_extensions-1.1.0-py3-none-any.whl", hash = "sha256:1be4cccdb0f2482337c4743e60421de3a356cd97508abadd57d47403e94f5505" },
]

[[package]]
name = "packaging"
version = "26.3"
source = { registry = "https://verigate.internal.com.br/pypi/simple/" }
sdist = { url = "https://verigate.internal.com.br/pypi/packages/packaging/packaging-26.3.tar.gz", hash = "sha256:94edc256424af38762eb31306eed28beb9f0efc50a8837492c9d6fd6004aed79" }
wheels = [
    { url = "https://verigate.internal.com.br/pypi/packages/packaging/packaging-26.3-py3-none-any.whl", hash = "sha256:d7193f7c8e4e93f444fde0262bf90af30e16fa0ad0ad44cb553c87339b23cd1c" },
]

[[package]]
name = "pathspec"
version = "1.1.1"
source = { registry = "https://verigate.internal.com.br/pypi/simple/" }
sdist = { url = "https://verigate.internal.com.br/pypi/packages/pathspec/pathspec-1.1.1.tar.gz", hash = "sha256:17db5ecd524104a120e173814c90367a96a98d07c45b2e10c2f3919fff91bf5a" }
wheels = [
    { url = "https://verigate.internal.com.br/pypi/packages/pathspec/pathspec-1.1.1-py3-none-any.whl", hash = "sha256:a00ce642f577bf7f473932318056212bc4f8bfdf53128c78bbd5af0b9b20b189" },
]

[[package]]
name = "platformdirs"
version = "4.11.8"
source = { registry = "https://verigate.internal.com.br/pypi/simple/" }
sdist = { url = "https://verigate.internal.com.br/pypi/packages/platformdirs/platformdirs-4.11.8.tar.gz", hash = "sha256:f23abafea7dd4276d1f29104b83598d7dcc567cafd07c9c951e66665645437fc" }
wheels = [
    { url = "https://verigate.internal.com.br/pypi/packages/platformdirs/platformdirs-4.11.8-py3-none-any.whl", hash = "sha256:52f2f181bbfde907966932cc8312d967d02976422d66d537ea16092b8e291081" },
]

[[package]]
name = "pluggy"
version = "1.6.0"
source = { registry = "https://verigate.internal.com.br/pypi/simple/" }
sdist = { url = "https://verigate.internal.com.br/pypi/packages/pluggy/pluggy-1.6.0.tar.gz", hash = "sha256:7dcc130b76258d33b90f61b658791dede3486c3e6bfb003ee5c9bfb396dd22f3" }
wheels = [
    { url = "https://verigate.internal.com.br/pypi/packages/pluggy/pluggy-1.6.0-py3-none-any.whl", hash = "sha256:e920276dd6813095e9377c0bc5566d94c932c33b27a3e3945d8389c374dd4746" },
]

[[package]]
name = "pydantic"
version = "2.13.5"
source = { registry = "https://verigate.internal.com.br/pypi/simple/" }
dependencies = [
    { name = "annotated-types" },
    { name = "pydantic-core" },
    { name = "typing-extensions" },
    { name = "typing-inspection" },
]
sdist = { url = "https://verigate.internal.com.br/pypi/packages/pydantic/pydantic-2.13.5.tar.gz", hash = "sha256:51a9c5f7b2f8e636f04c6cada605d9b6a3bf1348fdf945a3d8869b19bba0ee08" }
wheels = [
    { url = "https://verigate.internal.com.br/pypi/packages/pydantic/pydantic-2.13.5-py3-none-any.whl", hash = "sha256:346a034f080da3755d8e9cb5e00e8b07de1d39e4f6e2c87d8ab7cafa0b269a73" },
]

[[package]]
name = "pydantic-core"
version = "2.46.5"
source = { registry = "https://verigate.internal.com.br/pypi/simple/" }
dependencies = [
    { name = "typing-extensions" },
]
sdist = { url = "https://verigate.internal.com.br/pypi/packages/pydantic-core/pydantic_core-2.46.5.tar.gz", hash = "sha256:10416c15b8839ecc4ef4d0885da76da6fd0f67333a0eb8aff6d93c4b8f2910fc" }
wheels = [
    { url = "https://verigate.internal.com.br/pypi/packages/pydantic-core/pydantic_core-2.46.5-cp313-cp313-macosx_10_12_x86_64.whl", hash = "sha256:b7ca9034437b6022f941f4857459562ee00a560b97e7cce8a0ec5a74fc6766e0" },
    { url = "https://verigate.internal.com.br/pypi/packages/pydantic-core/pydantic_core-2.46.5-cp313-cp313-macosx_11_0_arm64.whl", hash = "sha256:f332f0e72a5a0400141f830744e141bf9f97917878dbe968669e8a7fefea78ff" },
    { url = "https://verigate.internal.com.br/pypi/packages/pydantic-core/pydantic_core-2.46.5-cp313-cp313-manylinux_2_17_aarch64.manylinux2014_aarch64.whl", hash = "sha256:193375f3548919d3f0b60936ca113ada3e38f264f91b9b8e0508efaad57be931" },
    { url = "https://verigate.internal.com.br/pypi/packages/pydantic-core/pydantic_core-2.46.5-cp313-cp313-manylinux_2_17_armv7l.manylinux2014_armv7l.whl", hash = "sha256:79bdfa52f843137045b2d081cc05c120ba6665d29b7559c2c47690906f39279f" },
    { url = "https://verigate.internal.com.br/pypi/packages/pydantic-core/pydantic_core-2.46.5-cp313-cp313-manylinux_2_17_ppc64le.manylinux2014_ppc64le.whl", hash = "sha256:24922243639cbdac66c75fcb6fd6495a9cb52b213d62f9a0d16f0310b1ff8038" },
    { url = "https://verigate.internal.com.br/pypi/packages/pydantic-core/pydantic_core-2.46.5-cp313-cp313-manylinux_2_17_s390x.manylinux2014_s390x.whl", hash = "sha256:c76fe65e607be28c7fd4d56fc3c42b1583aa058ce3408b7ad0fd540171d31f9f" },
    { url = "https://verigate.internal.com.br/pypi/packages/pydantic-core/pydantic_core-2.46.5-cp313-cp313-manylinux_2_17_x86_64.manylinux2014_x86_64.whl", hash = "sha256:6f7b393a8b3da82f5c1fc0751e6d01ac6c55b93c18226a60bdfba4a724efafd1" },
    { url = "https://verigate.internal.com.br/pypi/packages/pydantic-core/pydantic_core-2.46.5-cp313-cp313-manylinux_2_31_riscv64.whl", hash = "sha256:7ac031912d54f3d83ef3b3eb98dfabc1608802e2202263d25957eeed40b94761" },
    { url = "https://verigate.internal.com.br/pypi/packages/pydantic-core/pydantic_core-2.46.5-cp313-cp313-manylinux_2_5_i686.manylinux1_i686.whl", hash = "sha256:837b396ca3d7b74091ca623f6cbd8351bd42d670a79c2683e79fb089f06a2de5" },
    { url = "https://verigate.internal.com.br/pypi/packages/pydantic-core/pydantic_core-2.46.5-cp313-cp313-musllinux_1_1_aarch64.whl", hash = "sha256:5ee239d575f80b08eca11f6e20f90c4c695de7825c67eefe6091fbf20dda648e" },
    { url = "https://verigate.internal.com.br/pypi/packages/pydantic-core/pydantic_core-2.46.5-cp313-cp313-musllinux_1_1_armv7l.whl", hash = "sha256:e80675d75ae2cd14372cb65cad5400d9347a3d3f6c13000183f22dfd027283ed" },
    { url = "https://verigate.internal.com.br/pypi/packages/pydantic-core/pydantic_core-2.46.5-cp313-cp313-musllinux_1_1_x86_64.whl", hash = "sha256:9c4b71f10dd532fb7a5cbc8f58707779e64f03a258c2bf8bfbaecfcd9970b519" },
    { url = "https://verigate.internal.com.br/pypi/packages/pydantic-core/pydantic_core-2.46.5-cp313-cp313-win32.whl", hash = "sha256:97bf8de4d541598c94a59344eeb988a94c08ff76b5723c41f6567ec18c7892ea" },
    { url = "https://verigate.internal.com.br/pypi/packages/pydantic-core/pydantic_core-2.46.5-cp313-cp313-win_amd64.whl", hash = "sha256:15f4a94963c95accac15b7b657bb177d3ad82bb90b0d0526d9a9b85079925db5" },
    { url = "https://verigate.internal.com.br/pypi/packages/pydantic-core/pydantic_core-2.46.5-cp313-cp313-win_arm64.whl", hash = "sha256:d22a945598fb91236b4dd793a6e42e4f3dd7740bb5aace5ebd7d4c08d13bb575" },
    { url = "https://verigate.internal.com.br/pypi/packages/pydantic-core/pydantic_core-2.46.5-cp314-cp314-macosx_10_12_x86_64.whl", hash = "sha256:c1c43ad4339643d70ebb8124e1305a7dab423001eff58bb41a0f731adbc98355" },
    { url = "https://verigate.internal.com.br/pypi/packages/pydantic-core/pydantic_core-2.46.5-cp314-cp314-macosx_11_0_arm64.whl", hash = "sha256:1a353f84de772f423b5ffb11d7ae352fbbef0f446f3c0b0af0f8236d7233606e" },
    { url = "https://verigate.internal.com.br/pypi/packages/pydantic-core/pydantic_core-2.46.5-cp314-cp314-manylinux_2_17_aarch64.manylinux2014_aarch64.whl", hash = "sha256:5086029a57366b8cf81b130a43908738095c270c21a8d7f0e8bdfdb89718e2f3" },
    { url = "https://verigate.internal.com.br/pypi/packages/pydantic-core/pydantic_core-2.46.5-cp314-cp314-manylinux_2_17_armv7l.manylinux2014_armv7l.whl", hash = "sha256:46c25dda9d092a06c08db76ffe0a197107904d0dfac653f7d5306bbcd6d6119c" },
    { url = "https://verigate.internal.com.br/pypi/packages/pydantic-core/pydantic_core-2.46.5-cp314-cp314-manylinux_2_17_ppc64le.manylinux2014_ppc64le.whl", hash = "sha256:37ea7b83c935e5b0d68c9449b82651accf78a10828b2c02b2f2d9e9496446c21" },
    { url = "https://verigate.internal.com.br/pypi/packages/pydantic-core/pydantic_core-2.46.5-cp314-cp314-manylinux_2_17_s390x.manylinux2014_s390x.whl", hash = "sha256:e64e88d5585bea9ce95861079de72006c7fa6d3df4e3a3b65ba31eb979c15c9f" },
    { url = "https://verigate.internal.com.br/pypi/packages/pydantic-core/pydantic_core-2.46.5-cp314-cp314-manylinux_2_17_x86_64.manylinux2014_x86_64.whl", hash = "sha256:54d510bac3ee52247af28ed4bb18a1e799f040ac60fd2bf5ccd4c92f1fbe786f" },
    { url = "https://verigate.internal.com.br/pypi/packages/pydantic-core/pydantic_core-2.46.5-cp314-cp314-manylinux_2_31_riscv64.whl", hash = "sha256:a2a5e1d0ff29adddc9f6d6821a66302e4493f8ca898b715b6b1182c2c201ea0a" },
    { url = "https://verigate.internal.com.br/pypi/packages/pydantic-core/pydantic_core-2.46.5-cp314-cp314-manylinux_2_5_i686.manylinux1_i686.whl", hash = "sha256:03b9666e41e35d8909852ba191a0607520f81b74eaf12ccf8737005dbb313821" },
    { url = "https://verigate.internal.com.br/pypi/packages/pydantic-core/pydantic_core-2.46.5-cp314-cp314-musllinux_1_1_aarch64.whl", hash = "sha256:a91c17edf6eea2402cb5457b4c89e99bc5ed1004aa34c4adf1d4258c1a5c22c2" },
    { url = "https://verigate.internal.com.br/pypi/packages/pydantic-core/pydantic_core-2.46.5-cp314-cp314-musllinux_1_1_armv7l.whl", hash = "sha256:b49924c73a235e969511bf2aabdff3beebf9820931f646c80274d5d780010c47" },
    { url = "https://verigate.internal.com.br/pypi/packages/pydantic-core/pydantic_core-2.46.5-cp314-cp314-musllinux_1_1_x86_64.whl", hash = "sha256:2cbd9a5eff05e51c447c34dfa4632145b26b09120cf04bd0c871e44c1a5e1c9a" },
    { url = "https://verigate.internal.com.br/pypi/packages/pydantic-core/pydantic_core-2.46.5-cp314-cp314-win32.whl", hash = "sha256:2d5d76654becf5efd62c9e51c3756c67b49498b0c9a40884934c40807adbd074" },
    { url = "https://verigate.internal.com.br/pypi/packages/pydantic-core/pydantic_core-2.46.5-cp314-cp314-win_amd64.whl", hash = "sha256:fa10ef4112775900e7a0661068635eb67b2ab824fbde764de6e0e21982a93db0" },
    { url = "https://verigate.internal.com.br/pypi/packages/pydantic-core/pydantic_core-2.46.5-cp314-cp314-win_arm64.whl", hash = "sha256:045ab3b6d308439e32b81cc173bba5b9018bc6ed896afd0c65b3b009b1699af5" },
    { url = "https://verigate.internal.com.br/pypi/packages/pydantic-core/pydantic_core-2.46.5-cp314-cp314t-macosx_10_12_x86_64.whl", hash = "sha256:8816f3d218beb4b787de5c9759c259b8fa61f9dec42dc7811f320a33771778b7" },
    { url = "https://verigate.internal.com.br/pypi/packages/pydantic-core/pydantic_core-2.46.5-cp314-cp314t-macosx_11_0_arm64.whl", hash = "sha256:bce57638e08ac148e5778cce7feb968307a727d66f8e2274a543d0cf0c9ad6a3" },
    { url = "https://verigate.internal.com.br/pypi/packages/pydantic-core/pydantic_core-2.46.5-cp314-cp314t-manylinux_2_17_aarch64.manylinux2014_aarch64.whl", hash = "sha256:976e1128455aa595ea04c79ccfedff1aaeab96ee013fcc916bed120c4f0ad94f" },
    { url = "https://verigate.internal.com.br/pypi/packages/pydantic-core/pydantic_core-2.46.5-cp314-cp314t-manylinux_2_17_armv7l.manylinux2014_armv7l.whl", hash = "sha256:e7b891faeedeafba41b2983e5001a81b6a915b69544c7e7570d1989ce1c36ac7" },
    { url = "https://verigate.internal.com.br/pypi/packages/pydantic-core/pydantic_core-2.46.5-cp314-cp314t-manylinux_2_17_ppc64le.manylinux2014_ppc64le.whl", hash = "sha256:5f194189415698233dd1114a093a9b56e61e2c57e11b469be3b0506f46f0771c" },
    { url = "https://verigate.internal.com.br/pypi/packages/pydantic-core/pydantic_core-2.46.5-cp314-cp314t-manylinux_2_17_s390x.manylinux2014_s390x.whl", hash = "sha256:82a36973cf8a2ef5406f4fe2edbf8ed0c99629535d959e0b100c76a32535a111" },
    { url = "https://verigate.internal.com.br/pypi/packages/pydantic-core/pydantic_core-2.46.5-cp314-cp314t-manylinux_2_17_x86_64.manylinux2014_x86_64.whl", hash = "sha256:cdbb78909f52b981d3b2d56b97328d71eb0b974c36bd77c920123a7ebb192829" },
    { url = "https://verigate.internal.com.br/pypi/packages/pydantic-core/pydantic_core-2.46.5-cp314-cp314t-manylinux_2_31_riscv64.whl", hash = "sha256:52e24eacdb536cade636aa90fb851835222becff8484b7001fdc78cb0290f2aa" },
    { url = "https://verigate.internal.com.br/pypi/packages/pydantic-core/pydantic_core-2.46.5-cp314-cp314t-manylinux_2_5_i686.manylinux1_i686.whl", hash = "sha256:37ae34309d7bd8c0d61ab839668058f2a7962ea1fc51d105d2db228fe0618034" },
    { url = "https://verigate.internal.com.br/pypi/packages/pydantic-core/pydantic_core-2.46.5-cp314-cp314t-musllinux_1_1_aarch64.whl", hash = "sha256:0cdbada856a1c69a7624a64d3d9aefe79300bd6ef827b43a4f265010b9b55184" },
    { url = "https://verigate.internal.com.br/pypi/packages/pydantic-core/pydantic_core-2.46.5-cp314-cp314t-musllinux_1_1_armv7l.whl", hash = "sha256:545f26c504b27c3758439a5e6d9349931f0a04f855668d5fe323c89e82300a38" },
    { url = "https://verigate.internal.com.br/pypi/packages/pydantic-core/pydantic_core-2.46.5-cp314-cp314t-musllinux_1_1_x86_64.whl", hash = "sha256:ff218293c9c806138dca139765e3b067621be52bcd93cdc14c7711be7ddc90a9" },
    { url = "https://verigate.internal.com.br/pypi/packages/pydantic-core/pydantic_core-2.46.5-cp314-cp314t-win32.whl", hash = "sha256:97cf3eb53a8cccacf9d46686a0926186c9bfb5574f2ed66d3639d5fe117cd3a9" },
    { url = "https://verigate.internal.com.br/pypi/packages/pydantic-core/pydantic_core-2.46.5-cp314-cp314t-win_amd64.whl", hash = "sha256:d2f9fc07a8042a8f95925b35c4f04f469707c981fc33245b6ca187cf5d2dd290" },
    { url = "https://verigate.internal.com.br/pypi/packages/pydantic-core/pydantic_core-2.46.5-cp314-cp314t-win_arm64.whl", hash = "sha256:acf8a67ba51f4ca9ddbd0e6b3000a65ac51ab734661778b3e7ba64d99a710f2f" },
]

[[package]]
name = "pygments"
version = "2.21.0"
source = { registry = "https://verigate.internal.com.br/pypi/simple/" }
sdist = { url = "https://verigate.internal.com.br/pypi/packages/pygments/pygments-2.21.0.tar.gz", hash = "sha256:610ca751c9bc2492b38eb9a38a7fbc93edbbb2d7182edaf34e66ae493dee5c8c" }
wheels = [
    { url = "https://verigate.internal.com.br/pypi/packages/pygments/pygments-2.21.0-py3-none-any.whl", hash = "sha256:2363c69b61c4a97c838da3b130dcd6468f4848992b21a82f2a63ec34377137d9" },
]

[[package]]
name = "pytest"
version = "9.1.1"
source = { registry = "https://verigate.internal.com.br/pypi/simple/" }
dependencies = [
    { name = "colorama", marker = "sys_platform == 'win32'" },
    { name = "iniconfig" },
    { name = "packaging" },
    { name = "pluggy" },
    { name = "pygments" },
]
sdist = { url = "https://verigate.internal.com.br/pypi/packages/pytest/pytest-9.1.1.tar.gz", hash = "sha256:1088fbde8f2b49d95a549a195707afa7a76a3ce9bcadc26b6d71f0ffda5fe313" }
wheels = [
    { url = "https://verigate.internal.com.br/pypi/packages/pytest/pytest-9.1.1-py3-none-any.whl", hash = "sha256:37a86b45efb9a47a61a36449063e8e18d0cab3161329fc099eb21783169c4f0c" },
]

[[package]]
name = "pytokens"
version = "0.4.1"
source = { registry = "https://verigate.internal.com.br/pypi/simple/" }
sdist = { url = "https://verigate.internal.com.br/pypi/packages/pytokens/pytokens-0.4.1.tar.gz", hash = "sha256:292052fe80923aae2260c073f822ceba21f3872ced9a68bb7953b348e561179a" }
wheels = [
    { url = "https://verigate.internal.com.br/pypi/packages/pytokens/pytokens-0.4.1-cp313-cp313-macosx_11_0_arm64.whl", hash = "sha256:8bdb9d0ce90cbf99c525e75a2fa415144fd570a1ba987380190e8b786bc6ef9b" },
    { url = "https://verigate.internal.com.br/pypi/packages/pytokens/pytokens-0.4.1-cp313-cp313-manylinux2014_aarch64.manylinux_2_17_aarch64.manylinux_2_28_aarch64.whl", hash = "sha256:5502408cab1cb18e128570f8d598981c68a50d0cbd7c61312a90507cd3a1276f" },
    { url = "https://verigate.internal.com.br/pypi/packages/pytokens/pytokens-0.4.1-cp313-cp313-manylinux2014_x86_64.manylinux_2_17_x86_64.manylinux_2_28_x86_64.whl", hash = "sha256:29d1d8fb1030af4d231789959f21821ab6325e463f0503a61d204343c9b355d1" },
    { url = "https://verigate.internal.com.br/pypi/packages/pytokens/pytokens-0.4.1-cp313-cp313-musllinux_1_2_x86_64.whl", hash = "sha256:970b08dd6b86058b6dc07efe9e98414f5102974716232d10f32ff39701e841c4" },
    { url = "https://verigate.internal.com.br/pypi/packages/pytokens/pytokens-0.4.1-cp313-cp313-win_amd64.whl", hash = "sha256:9bd7d7f544d362576be74f9d5901a22f317efc20046efe2034dced238cbbfe78" },
    { url = "https://verigate.internal.com.br/pypi/packages/pytokens/pytokens-0.4.1-cp314-cp314-macosx_11_0_arm64.whl", hash = "sha256:4a14d5f5fc78ce85e426aa159489e2d5961acf0e47575e08f35584009178e321" },
    { url = "https://verigate.internal.com.br/pypi/packages/pytokens/pytokens-0.4.1-cp314-cp314-manylinux2014_aarch64.manylinux_2_17_aarch64.manylinux_2_28_aarch64.whl", hash = "sha256:97f50fd18543be72da51dd505e2ed20d2228c74e0464e4262e4899797803d7fa" },
    { url = "https://verigate.internal.com.br/pypi/packages/pytokens/pytokens-0.4.1-cp314-cp314-manylinux2014_x86_64.manylinux_2_17_x86_64.manylinux_2_28_x86_64.whl", hash = "sha256:dc74c035f9bfca0255c1af77ddd2d6ae8419012805453e4b0e7513e17904545d" },
    { url = "https://verigate.internal.com.br/pypi/packages/pytokens/pytokens-0.4.1-cp314-cp314-musllinux_1_2_x86_64.whl", hash = "sha256:f66a6bbe741bd431f6d741e617e0f39ec7257ca1f89089593479347cc4d13324" },
    { url = "https://verigate.internal.com.br/pypi/packages/pytokens/pytokens-0.4.1-cp314-cp314-win_amd64.whl", hash = "sha256:b35d7e5ad269804f6697727702da3c517bb8a5228afa450ab0fa787732055fc9" },
    { url = "https://verigate.internal.com.br/pypi/packages/pytokens/pytokens-0.4.1-cp314-cp314t-macosx_11_0_arm64.whl", hash = "sha256:8fcb9ba3709ff77e77f1c7022ff11d13553f3c30299a9fe246a166903e9091eb" },
    { url = "https://verigate.internal.com.br/pypi/packages/pytokens/pytokens-0.4.1-cp314-cp314t-manylinux2014_aarch64.manylinux_2_17_aarch64.manylinux_2_28_aarch64.whl", hash = "sha256:79fc6b8699564e1f9b521582c35435f1bd32dd06822322ec44afdeba666d8cb3" },
    { url = "https://verigate.internal.com.br/pypi/packages/pytokens/pytokens-0.4.1-cp314-cp314t-manylinux2014_x86_64.manylinux_2_17_x86_64.manylinux_2_28_x86_64.whl", hash = "sha256:d31b97b3de0f61571a124a00ffe9a81fb9939146c122c11060725bd5aea79975" },
    { url = "https://verigate.internal.com.br/pypi/packages/pytokens/pytokens-0.4.1-cp314-cp314t-musllinux_1_2_x86_64.whl", hash = "sha256:967cf6e3fd4adf7de8fc73cd3043754ae79c36475c1c11d514fc72cf5490094a" },
    { url = "https://verigate.internal.com.br/pypi/packages/pytokens/pytokens-0.4.1-cp314-cp314t-win_amd64.whl", hash = "sha256:584c80c24b078eec1e227079d56dc22ff755e0ba8654d8383b2c549107528918" },
    { url = "https://verigate.internal.com.br/pypi/packages/pytokens/pytokens-0.4.1-py3-none-any.whl", hash = "sha256:26cef14744a8385f35d0e095dc8b3a7583f6c953c2e3d269c7f82484bf5ad2de" },
]

[[package]]
name = "pyyaml"
version = "6.0.3"
source = { registry = "https://verigate.internal.com.br/pypi/simple/" }
sdist = { url = "https://verigate.internal.com.br/pypi/packages/pyyaml/pyyaml-6.0.3.tar.gz", hash = "sha256:d76623373421df22fb4cf8817020cbb7ef15c725b9d5e45f17e189bfc384190f" }
wheels = [
    { url = "https://verigate.internal.com.br/pypi/packages/pyyaml/pyyaml-6.0.3-cp313-cp313-macosx_10_13_x86_64.whl", hash = "sha256:8da9669d359f02c0b91ccc01cac4a67f16afec0dac22c2ad09f46bee0697eba8" },
    { url = "https://verigate.internal.com.br/pypi/packages/pyyaml/pyyaml-6.0.3-cp313-cp313-macosx_11_0_arm64.whl", hash = "sha256:2283a07e2c21a2aa78d9c4442724ec1eb15f5e42a723b99cb3d822d48f5f7ad1" },
    { url = "https://verigate.internal.com.br/pypi/packages/pyyaml/pyyaml-6.0.3-cp313-cp313-manylinux2014_aarch64.manylinux_2_17_aarch64.manylinux_2_28_aarch64.whl", hash = "sha256:ee2922902c45ae8ccada2c5b501ab86c36525b883eff4255313a253a3160861c" },
    { url = "https://verigate.internal.com.br/pypi/packages/pyyaml/pyyaml-6.0.3-cp313-cp313-manylinux2014_s390x.manylinux_2_17_s390x.manylinux_2_28_s390x.whl", hash = "sha256:a33284e20b78bd4a18c8c2282d549d10bc8408a2a7ff57653c0cf0b9be0afce5" },
    { url = "https://verigate.internal.com.br/pypi/packages/pyyaml/pyyaml-6.0.3-cp313-cp313-manylinux2014_x86_64.manylinux_2_17_x86_64.manylinux_2_28_x86_64.whl", hash = "sha256:0f29edc409a6392443abf94b9cf89ce99889a1dd5376d94316ae5145dfedd5d6" },
    { url = "https://verigate.internal.com.br/pypi/packages/pyyaml/pyyaml-6.0.3-cp313-cp313-musllinux_1_2_aarch64.whl", hash = "sha256:f7057c9a337546edc7973c0d3ba84ddcdf0daa14533c2065749c9075001090e6" },
    { url = "https://verigate.internal.com.br/pypi/packages/pyyaml/pyyaml-6.0.3-cp313-cp313-musllinux_1_2_x86_64.whl", hash = "sha256:eda16858a3cab07b80edaf74336ece1f986ba330fdb8ee0d6c0d68fe82bc96be" },
    { url = "https://verigate.internal.com.br/pypi/packages/pyyaml/pyyaml-6.0.3-cp313-cp313-win32.whl", hash = "sha256:d0eae10f8159e8fdad514efdc92d74fd8d682c933a6dd088030f3834bc8e6b26" },
    { url = "https://verigate.internal.com.br/pypi/packages/pyyaml/pyyaml-6.0.3-cp313-cp313-win_amd64.whl", hash = "sha256:79005a0d97d5ddabfeeea4cf676af11e647e41d81c9a7722a193022accdb6b7c" },
    { url = "https://verigate.internal.com.br/pypi/packages/pyyaml/pyyaml-6.0.3-cp313-cp313-win_arm64.whl", hash = "sha256:5498cd1645aa724a7c71c8f378eb29ebe23da2fc0d7a08071d89469bf1d2defb" },
    { url = "https://verigate.internal.com.br/pypi/packages/pyyaml/pyyaml-6.0.3-cp314-cp314-macosx_10_13_x86_64.whl", hash = "sha256:8d1fab6bb153a416f9aeb4b8763bc0f22a5586065f86f7664fc23339fc1c1fac" },
    { url = "https://verigate.internal.com.br/pypi/packages/pyyaml/pyyaml-6.0.3-cp314-cp314-macosx_11_0_arm64.whl", hash = "sha256:34d5fcd24b8445fadc33f9cf348c1047101756fd760b4dacb5c3e99755703310" },
    { url = "https://verigate.internal.com.br/pypi/packages/pyyaml/pyyaml-6.0.3-cp314-cp314-manylinux2014_aarch64.manylinux_2_17_aarch64.manylinux_2_28_aarch64.whl", hash = "sha256:501a031947e3a9025ed4405a168e6ef5ae3126c59f90ce0cd6f2bfc477be31b7" },
    { url = "https://verigate.internal.com.br/pypi/packages/pyyaml/pyyaml-6.0.3-cp314-cp314-manylinux2014_s390x.manylinux_2_17_s390x.manylinux_2_28_s390x.whl", hash = "sha256:b3bc83488de33889877a0f2543ade9f70c67d66d9ebb4ac959502e12de895788" },
    { url = "https://verigate.internal.com.br/pypi/packages/pyyaml/pyyaml-6.0.3-cp314-cp314-manylinux2014_x86_64.manylinux_2_17_x86_64.manylinux_2_28_x86_64.whl", hash = "sha256:c458b6d084f9b935061bc36216e8a69a7e293a2f1e68bf956dcd9e6cbcd143f5" },
    { url = "https://verigate.internal.com.br/pypi/packages/pyyaml/pyyaml-6.0.3-cp314-cp314-musllinux_1_2_aarch64.whl", hash = "sha256:7c6610def4f163542a622a73fb39f534f8c101d690126992300bf3207eab9764" },
    { url = "https://verigate.internal.com.br/pypi/packages/pyyaml/pyyaml-6.0.3-cp314-cp314-musllinux_1_2_x86_64.whl", hash = "sha256:5190d403f121660ce8d1d2c1bb2ef1bd05b5f68533fc5c2ea899bd15f4399b35" },
    { url = "https://verigate.internal.com.br/pypi/packages/pyyaml/pyyaml-6.0.3-cp314-cp314-win_amd64.whl", hash = "sha256:4a2e8cebe2ff6ab7d1050ecd59c25d4c8bd7e6f400f5f82b96557ac0abafd0ac" },
    { url = "https://verigate.internal.com.br/pypi/packages/pyyaml/pyyaml-6.0.3-cp314-cp314-win_arm64.whl", hash = "sha256:93dda82c9c22deb0a405ea4dc5f2d0cda384168e466364dec6255b293923b2f3" },
    { url = "https://verigate.internal.com.br/pypi/packages/pyyaml/pyyaml-6.0.3-cp314-cp314t-macosx_10_13_x86_64.whl", hash = "sha256:02893d100e99e03eda1c8fd5c441d8c60103fd175728e23e431db1b589cf5ab3" },
    { url = "https://verigate.internal.com.br/pypi/packages/pyyaml/pyyaml-6.0.3-cp314-cp314t-macosx_11_0_arm64.whl", hash = "sha256:c1ff362665ae507275af2853520967820d9124984e0f7466736aea23d8611fba" },
    { url = "https://verigate.internal.com.br/pypi/packages/pyyaml/pyyaml-6.0.3-cp314-cp314t-manylinux2014_aarch64.manylinux_2_17_aarch64.manylinux_2_28_aarch64.whl", hash = "sha256:6adc77889b628398debc7b65c073bcb99c4a0237b248cacaf3fe8a557563ef6c" },
    { url = "https://verigate.internal.com.br/pypi/packages/pyyaml/pyyaml-6.0.3-cp314-cp314t-manylinux2014_s390x.manylinux_2_17_s390x.manylinux_2_28_s390x.whl", hash = "sha256:a80cb027f6b349846a3bf6d73b5e95e782175e52f22108cfa17876aaeff93702" },
    { url = "https://verigate.internal.com.br/pypi/packages/pyyaml/pyyaml-6.0.3-cp314-cp314t-manylinux2014_x86_64.manylinux_2_17_x86_64.manylinux_2_28_x86_64.whl", hash = "sha256:00c4bdeba853cc34e7dd471f16b4114f4162dc03e6b7afcc2128711f0eca823c" },
    { url = "https://verigate.internal.com.br/pypi/packages/pyyaml/pyyaml-6.0.3-cp314-cp314t-musllinux_1_2_aarch64.whl", hash = "sha256:66e1674c3ef6f541c35191caae2d429b967b99e02040f5ba928632d9a7f0f065" },
    { url = "https://verigate.internal.com.br/pypi/packages/pyyaml/pyyaml-6.0.3-cp314-cp314t-musllinux_1_2_x86_64.whl", hash = "sha256:16249ee61e95f858e83976573de0f5b2893b3677ba71c9dd36b9cf8be9ac6d65" },
    { url = "https://verigate.internal.com.br/pypi/packages/pyyaml/pyyaml-6.0.3-cp314-cp314t-win_amd64.whl", hash = "sha256:4ad1906908f2f5ae4e5a8ddfce73c320c2a1429ec52eafd27138b7f1cbe341c9" },
    { url = "https://verigate.internal.com.br/pypi/packages/pyyaml/pyyaml-6.0.3-cp314-cp314t-win_arm64.whl", hash = "sha256:ebc55a14a21cb14062aa4162f906cd962b28e2e9ea38f9b4391244cd8de4ae0b" },
]

[[package]]
name = "typeguard"
version = "4.6.0"
source = { registry = "https://verigate.internal.com.br/pypi/simple/" }
dependencies = [
    { name = "typing-extensions" },
]
sdist = { url = "https://verigate.internal.com.br/pypi/packages/typeguard/typeguard-4.6.0.tar.gz", hash = "sha256:e7414f09111317de3e335de92cd397c5c0ca00b1cc1676de12e1d444a79b3f21" }
wheels = [
    { url = "https://verigate.internal.com.br/pypi/packages/typeguard/typeguard-4.6.0-py3-none-any.whl", hash = "sha256:79878165bb86f2cf5d41d159a0ff1792a796cf496882d2fe1b1c6c7049b9cdd7" },
]

[[package]]
name = "typing-extensions"
version = "4.16.0"
source = { registry = "https://verigate.internal.com.br/pypi/simple/" }
sdist = { url = "https://verigate.internal.com.br/pypi/packages/typing-extensions/typing_extensions-4.16.0.tar.gz", hash = "sha256:dc983d19a509c94dba722ee6abd33940f7c05a89e243c47e907eb4db6f1a43e5" }
wheels = [
    { url = "https://verigate.internal.com.br/pypi/packages/typing-extensions/typing_extensions-4.16.0-py3-none-any.whl", hash = "sha256:481caa481374e813c1b176ada14e97f1f67a4539ce9cfeb3f350d78d6370c2e8" },
]

[[package]]
name = "typing-inspection"
version = "0.4.4"
source = { registry = "https://verigate.internal.com.br/pypi/simple/" }
dependencies = [
    { name = "typing-extensions" },
]
sdist = { url = "https://verigate.internal.com.br/pypi/packages/typing-inspection/typing_inspection-0.4.4.tar.gz", hash = "sha256:547274fa6b0a561ccf549cc9524b999a578e737d015d8709d021f9d0d13bea47" }
wheels = [
    { url = "https://verigate.internal.com.br/pypi/packages/typing-inspection/typing_inspection-0.4.4-py3-none-any.whl", hash = "sha256:65b8397ba37ccbce054456aaccddfc91e6e3083c92824df348d96ca832f3f147" },
]
